// !$*UTF8*$!
{
	archiveVersion = 1;
	classes = {
	};
	objectVersion = 55;
	objects = {

/* Begin PBXBuildFile section */
		3D390D5B287F7F840075150A /* MapView.swift in Sources */ = {isa = PBXBuildFile; fileRef = 3D390D5A287F7F840075150A /* MapView.swift */; };
		3D390D5E287F93D90075150A /* GoogleMapsView.swift in Sources */ = {isa = PBXBuildFile; fileRef = 3D390D5D287F93D90075150A /* GoogleMapsView.swift */; };
		3D390D60287FA6430075150A /* NearMeMapView.swift in Sources */ = {isa = PBXBuildFile; fileRef = 3D390D5F287FA6430075150A /* NearMeMapView.swift */; };
		3D390D63287FA7750075150A /* NearMeMapCoordinator.swift in Sources */ = {isa = PBXBuildFile; fileRef = 3D390D62287FA7750075150A /* NearMeMapCoordinator.swift */; };
		3D390D66287FA8810075150A /* LocationManager.swift in Sources */ = {isa = PBXBuildFile; fileRef = 3D390D65287FA8810075150A /* LocationManager.swift */; };
		3D390D69287FB50B0075150A /* Landmark.swift in Sources */ = {isa = PBXBuildFile; fileRef = 3D390D68287FB50B0075150A /* Landmark.swift */; };
		3D390D6B287FB5B50075150A /* LandmarkAnnotation.swift in Sources */ = {isa = PBXBuildFile; fileRef = 3D390D6A287FB5B50075150A /* LandmarkAnnotation.swift */; };
		3D49919E288B57E500E9A0E6 /* Location+Extensions.swift in Sources */ = {isa = PBXBuildFile; fileRef = 3D49919D288B57E500E9A0E6 /* Location+Extensions.swift */; };
		3D67FD0728876640001A856D /* PlaceListView.swift in Sources */ = {isa = PBXBuildFile; fileRef = 3D67FD0628876640001A856D /* PlaceListView.swift */; };
		3D67FD0B28877318001A856D /* PlaceListViewModel.swift in Sources */ = {isa = PBXBuildFile; fileRef = 3D67FD0A28877318001A856D /* PlaceListViewModel.swift */; };
		3D67FD0E28877346001A856D /* MKCoordinateRegion+Extensions.swift in Sources */ = {isa = PBXBuildFile; fileRef = 3D67FD0D28877346001A856D /* MKCoordinateRegion+Extensions.swift */; };
		3D67FD102887783C001A856D /* LandmarkViewModel.swift in Sources */ = {isa = PBXBuildFile; fileRef = 3D67FD0F2887783C001A856D /* LandmarkViewModel.swift */; };
		3D67FD1328877C43001A856D /* LandmarkListView.swift in Sources */ = {isa = PBXBuildFile; fileRef = 3D67FD1228877C43001A856D /* LandmarkListView.swift */; };
		3D67FD1528877DB4001A856D /* LandmarkCategoryView.swift in Sources */ = {isa = PBXBuildFile; fileRef = 3D67FD1428877DB4001A856D /* LandmarkCategoryView.swift */; };
		3D67FD172887864F001A856D /* RecenterButton.swift in Sources */ = {isa = PBXBuildFile; fileRef = 3D67FD162887864F001A856D /* RecenterButton.swift */; };
		3D6FE6DA2888BA2800EFF277 /* LocationPreviewView.swift in Sources */ = {isa = PBXBuildFile; fileRef = 3D6FE6D92888BA2800EFF277 /* LocationPreviewView.swift */; };
		3D6FE6DC2888C67000EFF277 /* View+Extensions.swift in Sources */ = {isa = PBXBuildFile; fileRef = 3D6FE6DB2888C67000EFF277 /* View+Extensions.swift */; };
		3D74B134287E40F500F835DC /* NearMeApp.swift in Sources */ = {isa = PBXBuildFile; fileRef = 3D74B133287E40F500F835DC /* NearMeApp.swift */; };
		3D74B136287E40F500F835DC /* ContentView.swift in Sources */ = {isa = PBXBuildFile; fileRef = 3D74B135287E40F500F835DC /* ContentView.swift */; };
		3D74B138287E40F600F835DC /* Assets.xcassets in Resources */ = {isa = PBXBuildFile; fileRef = 3D74B137287E40F600F835DC /* Assets.xcassets */; };
		3D74B13B287E40F600F835DC /* Preview Assets.xcassets in Resources */ = {isa = PBXBuildFile; fileRef = 3D74B13A287E40F600F835DC /* Preview Assets.xcassets */; };
		3D74B145287E40F600F835DC /* NearMeTests.swift in Sources */ = {isa = PBXBuildFile; fileRef = 3D74B144287E40F600F835DC /* NearMeTests.swift */; };
		3D74B14F287E40F600F835DC /* NearMeUITests.swift in Sources */ = {isa = PBXBuildFile; fileRef = 3D74B14E287E40F600F835DC /* NearMeUITests.swift */; };
		3D74B151287E40F600F835DC /* NearMeUITestsLaunchTests.swift in Sources */ = {isa = PBXBuildFile; fileRef = 3D74B150287E40F600F835DC /* NearMeUITestsLaunchTests.swift */; };
		3D74B15F287E424700F835DC /* ForEachTutorial.swift in Sources */ = {isa = PBXBuildFile; fileRef = 3D74B15D287E424700F835DC /* ForEachTutorial.swift */; };
		60CC9F4A73FFEED2C22A4FA7 /* Pods_NearMeTests.framework in Frameworks */ = {isa = PBXBuildFile; fileRef = 150BD13CA66882325027E9CD /* Pods_NearMeTests.framework */; };
		C6FB1900618F1109201B1874 /* Pods_NearMe_NearMeUITests.framework in Frameworks */ = {isa = PBXBuildFile; fileRef = F3EC301C1143D67D6CB7E4D7 /* Pods_NearMe_NearMeUITests.framework */; };
		CC8202951471DEB4E2B76F0C /* Pods_NearMe.framework in Frameworks */ = {isa = PBXBuildFile; fileRef = AB3A6187B3FC8D7AB9F16367 /* Pods_NearMe.framework */; };
/* End PBXBuildFile section */

/* Begin PBXContainerItemProxy section */
		3D74B141287E40F600F835DC /* PBXContainerItemProxy */ = {
			isa = PBXContainerItemProxy;
			containerPortal = 3D74B128287E40F500F835DC /* Project object */;
			proxyType = 1;
			remoteGlobalIDString = 3D74B12F287E40F500F835DC;
			remoteInfo = NearMe;
		};
		3D74B14B287E40F600F835DC /* PBXContainerItemProxy */ = {
			isa = PBXContainerItemProxy;
			containerPortal = 3D74B128287E40F500F835DC /* Project object */;
			proxyType = 1;
			remoteGlobalIDString = 3D74B12F287E40F500F835DC;
			remoteInfo = NearMe;
		};
/* End PBXContainerItemProxy section */

/* Begin PBXFileReference section */
		150BD13CA66882325027E9CD /* Pods_NearMeTests.framework */ = {isa = PBXFileReference; explicitFileType = wrapper.framework; includeInIndex = 0; path = Pods_NearMeTests.framework; sourceTree = BUILT_PRODUCTS_DIR; };
		2510943C59D1650C3931DBFC /* Pods-NearMe.release.xcconfig */ = {isa = PBXFileReference; includeInIndex = 1; lastKnownFileType = text.xcconfig; name = "Pods-NearMe.release.xcconfig"; path = "Target Support Files/Pods-NearMe/Pods-NearMe.release.xcconfig"; sourceTree = "<group>"; };
		3D390D5A287F7F840075150A /* MapView.swift */ = {isa = PBXFileReference; lastKnownFileType = sourcecode.swift; path = MapView.swift; sourceTree = "<group>"; };
		3D390D5C287F84580075150A /* Info.plist */ = {isa = PBXFileReference; lastKnownFileType = text.plist; path = Info.plist; sourceTree = "<group>"; };
		3D390D5D287F93D90075150A /* GoogleMapsView.swift */ = {isa = PBXFileReference; lastKnownFileType = sourcecode.swift; path = GoogleMapsView.swift; sourceTree = "<group>"; };
		3D390D5F287FA6430075150A /* NearMeMapView.swift */ = {isa = PBXFileReference; lastKnownFileType = sourcecode.swift; path = NearMeMapView.swift; sourceTree = "<group>"; };
		3D390D62287FA7750075150A /* NearMeMapCoordinator.swift */ = {isa = PBXFileReference; lastKnownFileType = sourcecode.swift; path = NearMeMapCoordinator.swift; sourceTree = "<group>"; };
		3D390D65287FA8810075150A /* LocationManager.swift */ = {isa = PBXFileReference; lastKnownFileType = sourcecode.swift; path = LocationManager.swift; sourceTree = "<group>"; };
		3D390D68287FB50B0075150A /* Landmark.swift */ = {isa = PBXFileReference; lastKnownFileType = sourcecode.swift; path = Landmark.swift; sourceTree = "<group>"; };
		3D390D6A287FB5B50075150A /* LandmarkAnnotation.swift */ = {isa = PBXFileReference; lastKnownFileType = sourcecode.swift; path = LandmarkAnnotation.swift; sourceTree = "<group>"; };
		3D49919D288B57E500E9A0E6 /* Location+Extensions.swift */ = {isa = PBXFileReference; lastKnownFileType = sourcecode.swift; path = "Location+Extensions.swift"; sourceTree = "<group>"; };
		3D67FD0628876640001A856D /* PlaceListView.swift */ = {isa = PBXFileReference; lastKnownFileType = sourcecode.swift; path = PlaceListView.swift; sourceTree = "<group>"; };
		3D67FD0A28877318001A856D /* PlaceListViewModel.swift */ = {isa = PBXFileReference; lastKnownFileType = sourcecode.swift; path = PlaceListViewModel.swift; sourceTree = "<group>"; };
		3D67FD0D28877346001A856D /* MKCoordinateRegion+Extensions.swift */ = {isa = PBXFileReference; lastKnownFileType = sourcecode.swift; path = "MKCoordinateRegion+Extensions.swift"; sourceTree = "<group>"; };
		3D67FD0F2887783C001A856D /* LandmarkViewModel.swift */ = {isa = PBXFileReference; lastKnownFileType = sourcecode.swift; path = LandmarkViewModel.swift; sourceTree = "<group>"; };
		3D67FD1228877C43001A856D /* LandmarkListView.swift */ = {isa = PBXFileReference; lastKnownFileType = sourcecode.swift; path = LandmarkListView.swift; sourceTree = "<group>"; };
		3D67FD1428877DB4001A856D /* LandmarkCategoryView.swift */ = {isa = PBXFileReference; lastKnownFileType = sourcecode.swift; path = LandmarkCategoryView.swift; sourceTree = "<group>"; };
		3D67FD162887864F001A856D /* RecenterButton.swift */ = {isa = PBXFileReference; lastKnownFileType = sourcecode.swift; path = RecenterButton.swift; sourceTree = "<group>"; };
		3D6FE6D92888BA2800EFF277 /* LocationPreviewView.swift */ = {isa = PBXFileReference; lastKnownFileType = sourcecode.swift; path = LocationPreviewView.swift; sourceTree = "<group>"; };
		3D6FE6DB2888C67000EFF277 /* View+Extensions.swift */ = {isa = PBXFileReference; lastKnownFileType = sourcecode.swift; path = "View+Extensions.swift"; sourceTree = "<group>"; };
		3D74B130287E40F500F835DC /* NearMe.app */ = {isa = PBXFileReference; explicitFileType = wrapper.application; includeInIndex = 0; path = NearMe.app; sourceTree = BUILT_PRODUCTS_DIR; };
		3D74B133287E40F500F835DC /* NearMeApp.swift */ = {isa = PBXFileReference; lastKnownFileType = sourcecode.swift; path = NearMeApp.swift; sourceTree = "<group>"; };
		3D74B135287E40F500F835DC /* ContentView.swift */ = {isa = PBXFileReference; lastKnownFileType = sourcecode.swift; path = ContentView.swift; sourceTree = "<group>"; };
		3D74B137287E40F600F835DC /* Assets.xcassets */ = {isa = PBXFileReference; lastKnownFileType = folder.assetcatalog; path = Assets.xcassets; sourceTree = "<group>"; };
		3D74B13A287E40F600F835DC /* Preview Assets.xcassets */ = {isa = PBXFileReference; lastKnownFileType = folder.assetcatalog; path = "Preview Assets.xcassets"; sourceTree = "<group>"; };
		3D74B140287E40F600F835DC /* NearMeTests.xctest */ = {isa = PBXFileReference; explicitFileType = wrapper.cfbundle; includeInIndex = 0; path = NearMeTests.xctest; sourceTree = BUILT_PRODUCTS_DIR; };
		3D74B144287E40F600F835DC /* NearMeTests.swift */ = {isa = PBXFileReference; lastKnownFileType = sourcecode.swift; path = NearMeTests.swift; sourceTree = "<group>"; };
		3D74B14A287E40F600F835DC /* NearMeUITests.xctest */ = {isa = PBXFileReference; explicitFileType = wrapper.cfbundle; includeInIndex = 0; path = NearMeUITests.xctest; sourceTree = BUILT_PRODUCTS_DIR; };
		3D74B14E287E40F600F835DC /* NearMeUITests.swift */ = {isa = PBXFileReference; lastKnownFileType = sourcecode.swift; path = NearMeUITests.swift; sourceTree = "<group>"; };
		3D74B150287E40F600F835DC /* NearMeUITestsLaunchTests.swift */ = {isa = PBXFileReference; lastKnownFileType = sourcecode.swift; path = NearMeUITestsLaunchTests.swift; sourceTree = "<group>"; };
		3D74B15D287E424700F835DC /* ForEachTutorial.swift */ = {isa = PBXFileReference; fileEncoding = 4; lastKnownFileType = sourcecode.swift; path = ForEachTutorial.swift; sourceTree = "<group>"; };
		78442CB9702A57C483883AAC /* Pods-NearMe-NearMeUITests.debug.xcconfig */ = {isa = PBXFileReference; includeInIndex = 1; lastKnownFileType = text.xcconfig; name = "Pods-NearMe-NearMeUITests.debug.xcconfig"; path = "Target Support Files/Pods-NearMe-NearMeUITests/Pods-NearMe-NearMeUITests.debug.xcconfig"; sourceTree = "<group>"; };
		813591DFB876609CE708D6CA /* Pods-NearMeTests.release.xcconfig */ = {isa = PBXFileReference; includeInIndex = 1; lastKnownFileType = text.xcconfig; name = "Pods-NearMeTests.release.xcconfig"; path = "Target Support Files/Pods-NearMeTests/Pods-NearMeTests.release.xcconfig"; sourceTree = "<group>"; };
		AB3A6187B3FC8D7AB9F16367 /* Pods_NearMe.framework */ = {isa = PBXFileReference; explicitFileType = wrapper.framework; includeInIndex = 0; path = Pods_NearMe.framework; sourceTree = BUILT_PRODUCTS_DIR; };
		C9C44A5F25FE83F4EDA36EC8 /* Pods-NearMe.debug.xcconfig */ = {isa = PBXFileReference; includeInIndex = 1; lastKnownFileType = text.xcconfig; name = "Pods-NearMe.debug.xcconfig"; path = "Target Support Files/Pods-NearMe/Pods-NearMe.debug.xcconfig"; sourceTree = "<group>"; };
		F3EC301C1143D67D6CB7E4D7 /* Pods_NearMe_NearMeUITests.framework */ = {isa = PBXFileReference; explicitFileType = wrapper.framework; includeInIndex = 0; path = Pods_NearMe_NearMeUITests.framework; sourceTree = BUILT_PRODUCTS_DIR; };
		F47DC02EC778C3C8D515174E /* Pods-NearMe-NearMeUITests.release.xcconfig */ = {isa = PBXFileReference; includeInIndex = 1; lastKnownFileType = text.xcconfig; name = "Pods-NearMe-NearMeUITests.release.xcconfig"; path = "Target Support Files/Pods-NearMe-NearMeUITests/Pods-NearMe-NearMeUITests.release.xcconfig"; sourceTree = "<group>"; };
		FC8898ACD79F022BC25DC3C7 /* Pods-NearMeTests.debug.xcconfig */ = {isa = PBXFileReference; includeInIndex = 1; lastKnownFileType = text.xcconfig; name = "Pods-NearMeTests.debug.xcconfig"; path = "Target Support Files/Pods-NearMeTests/Pods-NearMeTests.debug.xcconfig"; sourceTree = "<group>"; };
/* End PBXFileReference section */

/* Begin PBXFrameworksBuildPhase section */
		3D74B12D287E40F500F835DC /* Frameworks */ = {
			isa = PBXFrameworksBuildPhase;
			buildActionMask = 2147483647;
			files = (
				CC8202951471DEB4E2B76F0C /* Pods_NearMe.framework in Frameworks */,
			);
			runOnlyForDeploymentPostprocessing = 0;
		};
		3D74B13D287E40F600F835DC /* Frameworks */ = {
			isa = PBXFrameworksBuildPhase;
			buildActionMask = 2147483647;
			files = (
				60CC9F4A73FFEED2C22A4FA7 /* Pods_NearMeTests.framework in Frameworks */,
			);
			runOnlyForDeploymentPostprocessing = 0;
		};
		3D74B147287E40F600F835DC /* Frameworks */ = {
			isa = PBXFrameworksBuildPhase;
			buildActionMask = 2147483647;
			files = (
				C6FB1900618F1109201B1874 /* Pods_NearMe_NearMeUITests.framework in Frameworks */,
			);
			runOnlyForDeploymentPostprocessing = 0;
		};
/* End PBXFrameworksBuildPhase section */

/* Begin PBXGroup section */
		3D390D61287FA75A0075150A /* Coordinators */ = {
			isa = PBXGroup;
			children = (
				3D390D62287FA7750075150A /* NearMeMapCoordinator.swift */,
			);
			path = Coordinators;
			sourceTree = "<group>";
		};
		3D390D64287FA8730075150A /* Managers */ = {
			isa = PBXGroup;
			children = (
				3D390D65287FA8810075150A /* LocationManager.swift */,
			);
			path = Managers;
			sourceTree = "<group>";
		};
		3D390D67287FB4FD0075150A /* Models */ = {
			isa = PBXGroup;
			children = (
				3D390D68287FB50B0075150A /* Landmark.swift */,
				3D390D6A287FB5B50075150A /* LandmarkAnnotation.swift */,
			);
			path = Models;
			sourceTree = "<group>";
		};
		3D67FD092887730A001A856D /* ViewModels */ = {
			isa = PBXGroup;
			children = (
				3D67FD0A28877318001A856D /* PlaceListViewModel.swift */,
				3D67FD0F2887783C001A856D /* LandmarkViewModel.swift */,
			);
			path = ViewModels;
			sourceTree = "<group>";
		};
		3D67FD0C28877336001A856D /* Extensions */ = {
			isa = PBXGroup;
			children = (
				3D6FE6DB2888C67000EFF277 /* View+Extensions.swift */,
				3D67FD0D28877346001A856D /* MKCoordinateRegion+Extensions.swift */,
				3D49919D288B57E500E9A0E6 /* Location+Extensions.swift */,
			);
			path = Extensions;
			sourceTree = "<group>";
		};
		3D67FD1128877C38001A856D /* Views */ = {
			isa = PBXGroup;
			children = (
				3D67FD1228877C43001A856D /* LandmarkListView.swift */,
				3D67FD1428877DB4001A856D /* LandmarkCategoryView.swift */,
				3D67FD162887864F001A856D /* RecenterButton.swift */,
				3D6FE6D92888BA2800EFF277 /* LocationPreviewView.swift */,
			);
			path = Views;
			sourceTree = "<group>";
		};
		3D74B127287E40F500F835DC = {
			isa = PBXGroup;
			children = (
				3D74B132287E40F500F835DC /* NearMe */,
				3D74B143287E40F600F835DC /* NearMeTests */,
				3D74B14D287E40F600F835DC /* NearMeUITests */,
				3D74B131287E40F500F835DC /* Products */,
				E96A466EDC27184764E50B79 /* Pods */,
				41CA13551A97D15781D1642B /* Frameworks */,
			);
			sourceTree = "<group>";
		};
		3D74B131287E40F500F835DC /* Products */ = {
			isa = PBXGroup;
			children = (
				3D74B130287E40F500F835DC /* NearMe.app */,
				3D74B140287E40F600F835DC /* NearMeTests.xctest */,
				3D74B14A287E40F600F835DC /* NearMeUITests.xctest */,
			);
			name = Products;
			sourceTree = "<group>";
		};
		3D74B132287E40F500F835DC /* NearMe */ = {
			isa = PBXGroup;
			children = (
				3D67FD1128877C38001A856D /* Views */,
				3D67FD0C28877336001A856D /* Extensions */,
				3D67FD092887730A001A856D /* ViewModels */,
				3D390D67287FB4FD0075150A /* Models */,
				3D390D64287FA8730075150A /* Managers */,
				3D390D61287FA75A0075150A /* Coordinators */,
				3D390D5C287F84580075150A /* Info.plist */,
				3D74B133287E40F500F835DC /* NearMeApp.swift */,
				3D74B135287E40F500F835DC /* ContentView.swift */,
				3D74B15D287E424700F835DC /* ForEachTutorial.swift */,
				3D74B137287E40F600F835DC /* Assets.xcassets */,
				3D74B139287E40F600F835DC /* Preview Content */,
				3D390D5A287F7F840075150A /* MapView.swift */,
				3D390D5D287F93D90075150A /* GoogleMapsView.swift */,
				3D390D5F287FA6430075150A /* NearMeMapView.swift */,
				3D67FD0628876640001A856D /* PlaceListView.swift */,
			);
			path = NearMe;
			sourceTree = "<group>";
		};
		3D74B139287E40F600F835DC /* Preview Content */ = {
			isa = PBXGroup;
			children = (
				3D74B13A287E40F600F835DC /* Preview Assets.xcassets */,
			);
			path = "Preview Content";
			sourceTree = "<group>";
		};
		3D74B143287E40F600F835DC /* NearMeTests */ = {
			isa = PBXGroup;
			children = (
				3D74B144287E40F600F835DC /* NearMeTests.swift */,
			);
			path = NearMeTests;
			sourceTree = "<group>";
		};
		3D74B14D287E40F600F835DC /* NearMeUITests */ = {
			isa = PBXGroup;
			children = (
				3D74B14E287E40F600F835DC /* NearMeUITests.swift */,
				3D74B150287E40F600F835DC /* NearMeUITestsLaunchTests.swift */,
			);
			path = NearMeUITests;
			sourceTree = "<group>";
		};
		41CA13551A97D15781D1642B /* Frameworks */ = {
			isa = PBXGroup;
			children = (
				AB3A6187B3FC8D7AB9F16367 /* Pods_NearMe.framework */,
				F3EC301C1143D67D6CB7E4D7 /* Pods_NearMe_NearMeUITests.framework */,
				150BD13CA66882325027E9CD /* Pods_NearMeTests.framework */,
			);
			name = Frameworks;
			sourceTree = "<group>";
		};
		E96A466EDC27184764E50B79 /* Pods */ = {
			isa = PBXGroup;
			children = (
				C9C44A5F25FE83F4EDA36EC8 /* Pods-NearMe.debug.xcconfig */,
				2510943C59D1650C3931DBFC /* Pods-NearMe.release.xcconfig */,
				78442CB9702A57C483883AAC /* Pods-NearMe-NearMeUITests.debug.xcconfig */,
				F47DC02EC778C3C8D515174E /* Pods-NearMe-NearMeUITests.release.xcconfig */,
				FC8898ACD79F022BC25DC3C7 /* Pods-NearMeTests.debug.xcconfig */,
				813591DFB876609CE708D6CA /* Pods-NearMeTests.release.xcconfig */,
			);
			path = Pods;
			sourceTree = "<group>";
		};
/* End PBXGroup section */

/* Begin PBXNativeTarget section */
		3D74B12F287E40F500F835DC /* NearMe */ = {
			isa = PBXNativeTarget;
			buildConfigurationList = 3D74B154287E40F600F835DC /* Build configuration list for PBXNativeTarget "NearMe" */;
			buildPhases = (
				D1C481411E43045D59E49632 /* [CP] Check Pods Manifest.lock */,
				3D74B12C287E40F500F835DC /* Sources */,
				3D74B12D287E40F500F835DC /* Frameworks */,
				3D74B12E287E40F500F835DC /* Resources */,
				91BD4402E2E4FC0D2471D389 /* [CP] Copy Pods Resources */,
			);
			buildRules = (
			);
			dependencies = (
			);
			name = NearMe;
			productName = NearMe;
			productReference = 3D74B130287E40F500F835DC /* NearMe.app */;
			productType = "com.apple.product-type.application";
		};
		3D74B13F287E40F600F835DC /* NearMeTests */ = {
			isa = PBXNativeTarget;
			buildConfigurationList = 3D74B157287E40F600F835DC /* Build configuration list for PBXNativeTarget "NearMeTests" */;
			buildPhases = (
				125897CB10A941FA532D8F16 /* [CP] Check Pods Manifest.lock */,
				3D74B13C287E40F600F835DC /* Sources */,
				3D74B13D287E40F600F835DC /* Frameworks */,
				3D74B13E287E40F600F835DC /* Resources */,
			);
			buildRules = (
			);
			dependencies = (
				3D74B142287E40F600F835DC /* PBXTargetDependency */,
			);
			name = NearMeTests;
			productName = NearMeTests;
			productReference = 3D74B140287E40F600F835DC /* NearMeTests.xctest */;
			productType = "com.apple.product-type.bundle.unit-test";
		};
		3D74B149287E40F600F835DC /* NearMeUITests */ = {
			isa = PBXNativeTarget;
			buildConfigurationList = 3D74B15A287E40F600F835DC /* Build configuration list for PBXNativeTarget "NearMeUITests" */;
			buildPhases = (
				3441CB66ED1CA63F481BD659 /* [CP] Check Pods Manifest.lock */,
				3D74B146287E40F600F835DC /* Sources */,
				3D74B147287E40F600F835DC /* Frameworks */,
				3D74B148287E40F600F835DC /* Resources */,
				DA7B809E05BA2B29046C3353 /* [CP] Copy Pods Resources */,
			);
			buildRules = (
			);
			dependencies = (
				3D74B14C287E40F600F835DC /* PBXTargetDependency */,
			);
			name = NearMeUITests;
			productName = NearMeUITests;
			productReference = 3D74B14A287E40F600F835DC /* NearMeUITests.xctest */;
			productType = "com.apple.product-type.bundle.ui-testing";
		};
/* End PBXNativeTarget section */

/* Begin PBXProject section */
		3D74B128287E40F500F835DC /* Project object */ = {
			isa = PBXProject;
			attributes = {
				BuildIndependentTargetsInParallel = 1;
				LastSwiftUpdateCheck = 1340;
				LastUpgradeCheck = 1340;
				TargetAttributes = {
					3D74B12F287E40F500F835DC = {
						CreatedOnToolsVersion = 13.4.1;
					};
					3D74B13F287E40F600F835DC = {
						CreatedOnToolsVersion = 13.4.1;
						TestTargetID = 3D74B12F287E40F500F835DC;
					};
					3D74B149287E40F600F835DC = {
						CreatedOnToolsVersion = 13.4.1;
						TestTargetID = 3D74B12F287E40F500F835DC;
					};
				};
			};
			buildConfigurationList = 3D74B12B287E40F500F835DC /* Build configuration list for PBXProject "NearMe" */;
			compatibilityVersion = "Xcode 13.0";
			developmentRegion = en;
			hasScannedForEncodings = 0;
			knownRegions = (
				en,
				Base,
			);
			mainGroup = 3D74B127287E40F500F835DC;
			productRefGroup = 3D74B131287E40F500F835DC /* Products */;
			projectDirPath = "";
			projectRoot = "";
			targets = (
				3D74B12F287E40F500F835DC /* NearMe */,
				3D74B13F287E40F600F835DC /* NearMeTests */,
				3D74B149287E40F600F835DC /* NearMeUITests */,
			);
		};
/* End PBXProject section */

/* Begin PBXResourcesBuildPhase section */
		3D74B12E287E40F500F835DC /* Resources */ = {
			isa = PBXResourcesBuildPhase;
			buildActionMask = 2147483647;
			files = (
				3D74B13B287E40F600F835DC /* Preview Assets.xcassets in Resources */,
				3D74B138287E40F600F835DC /* Assets.xcassets in Resources */,
			);
			runOnlyForDeploymentPostprocessing = 0;
		};
		3D74B13E287E40F600F835DC /* Resources */ = {
			isa = PBXResourcesBuildPhase;
			buildActionMask = 2147483647;
			files = (
			);
			runOnlyForDeploymentPostprocessing = 0;
		};
		3D74B148287E40F600F835DC /* Resources */ = {
			isa = PBXResourcesBuildPhase;
			buildActionMask = 2147483647;
			files = (
			);
			runOnlyForDeploymentPostprocessing = 0;
		};
/* End PBXResourcesBuildPhase section */

/* Begin PBXShellScriptBuildPhase section */
		125897CB10A941FA532D8F16 /* [CP] Check Pods Manifest.lock */ = {
			isa = PBXShellScriptBuildPhase;
			buildActionMask = 2147483647;
			files = (
			);
			inputFileListPaths = (
			);
			inputPaths = (
				"${PODS_PODFILE_DIR_PATH}/Podfile.lock",
				"${PODS_ROOT}/Manifest.lock",
			);
			name = "[CP] Check Pods Manifest.lock";
			outputFileListPaths = (
			);
			outputPaths = (
				"$(DERIVED_FILE_DIR)/Pods-NearMeTests-checkManifestLockResult.txt",
			);
			runOnlyForDeploymentPostprocessing = 0;
			shellPath = /bin/sh;
			shellScript = "diff \"${PODS_PODFILE_DIR_PATH}/Podfile.lock\" \"${PODS_ROOT}/Manifest.lock\" > /dev/null\nif [ $? != 0 ] ; then\n    # print error to STDERR\n    echo \"error: The sandbox is not in sync with the Podfile.lock. Run 'pod install' or update your CocoaPods installation.\" >&2\n    exit 1\nfi\n# This output is used by Xcode 'outputs' to avoid re-running this script phase.\necho \"SUCCESS\" > \"${SCRIPT_OUTPUT_FILE_0}\"\n";
			showEnvVarsInLog = 0;
		};
		3441CB66ED1CA63F481BD659 /* [CP] Check Pods Manifest.lock */ = {
			isa = PBXShellScriptBuildPhase;
			buildActionMask = 2147483647;
			files = (
			);
			inputFileListPaths = (
			);
			inputPaths = (
				"${PODS_PODFILE_DIR_PATH}/Podfile.lock",
				"${PODS_ROOT}/Manifest.lock",
			);
			name = "[CP] Check Pods Manifest.lock";
			outputFileListPaths = (
			);
			outputPaths = (
				"$(DERIVED_FILE_DIR)/Pods-NearMe-NearMeUITests-checkManifestLockResult.txt",
			);
			runOnlyForDeploymentPostprocessing = 0;
			shellPath = /bin/sh;
			shellScript = "diff \"${PODS_PODFILE_DIR_PATH}/Podfile.lock\" \"${PODS_ROOT}/Manifest.lock\" > /dev/null\nif [ $? != 0 ] ; then\n    # print error to STDERR\n    echo \"error: The sandbox is not in sync with the Podfile.lock. Run 'pod install' or update your CocoaPods installation.\" >&2\n    exit 1\nfi\n# This output is used by Xcode 'outputs' to avoid re-running this script phase.\necho \"SUCCESS\" > \"${SCRIPT_OUTPUT_FILE_0}\"\n";
			showEnvVarsInLog = 0;
		};
		91BD4402E2E4FC0D2471D389 /* [CP] Copy Pods Resources */ = {
			isa = PBXShellScriptBuildPhase;
			buildActionMask = 2147483647;
			files = (
			);
			inputFileListPaths = (
				"${PODS_ROOT}/Target Support Files/Pods-NearMe/Pods-NearMe-resources-${CONFIGURATION}-input-files.xcfilelist",
			);
			name = "[CP] Copy Pods Resources";
			outputFileListPaths = (
				"${PODS_ROOT}/Target Support Files/Pods-NearMe/Pods-NearMe-resources-${CONFIGURATION}-output-files.xcfilelist",
			);
			runOnlyForDeploymentPostprocessing = 0;
			shellPath = /bin/sh;
			shellScript = "\"${PODS_ROOT}/Target Support Files/Pods-NearMe/Pods-NearMe-resources.sh\"\n";
			showEnvVarsInLog = 0;
		};
		D1C481411E43045D59E49632 /* [CP] Check Pods Manifest.lock */ = {
			isa = PBXShellScriptBuildPhase;
			buildActionMask = 2147483647;
			files = (
			);
			inputFileListPaths = (
			);
			inputPaths = (
				"${PODS_PODFILE_DIR_PATH}/Podfile.lock",
				"${PODS_ROOT}/Manifest.lock",
			);
			name = "[CP] Check Pods Manifest.lock";
			outputFileListPaths = (
			);
			outputPaths = (
				"$(DERIVED_FILE_DIR)/Pods-NearMe-checkManifestLockResult.txt",
			);
			runOnlyForDeploymentPostprocessing = 0;
			shellPath = /bin/sh;
			shellScript = "diff \"${PODS_PODFILE_DIR_PATH}/Podfile.lock\" \"${PODS_ROOT}/Manifest.lock\" > /dev/null\nif [ $? != 0 ] ; then\n    # print error to STDERR\n    echo \"error: The sandbox is not in sync with the Podfile.lock. Run 'pod install' or update your CocoaPods installation.\" >&2\n    exit 1\nfi\n# This output is used by Xcode 'outputs' to avoid re-running this script phase.\necho \"SUCCESS\" > \"${SCRIPT_OUTPUT_FILE_0}\"\n";
			showEnvVarsInLog = 0;
		};
		DA7B809E05BA2B29046C3353 /* [CP] Copy Pods Resources */ = {
			isa = PBXShellScriptBuildPhase;
			buildActionMask = 2147483647;
			files = (
			);
			inputFileListPaths = (
				"${PODS_ROOT}/Target Support Files/Pods-NearMe-NearMeUITests/Pods-NearMe-NearMeUITests-resources-${CONFIGURATION}-input-files.xcfilelist",
			);
			name = "[CP] Copy Pods Resources";
			outputFileListPaths = (
				"${PODS_ROOT}/Target Support Files/Pods-NearMe-NearMeUITests/Pods-NearMe-NearMeUITests-resources-${CONFIGURATION}-output-files.xcfilelist",
			);
			runOnlyForDeploymentPostprocessing = 0;
			shellPath = /bin/sh;
			shellScript = "\"${PODS_ROOT}/Target Support Files/Pods-NearMe-NearMeUITests/Pods-NearMe-NearMeUITests-resources.sh\"\n";
			showEnvVarsInLog = 0;
		};
/* End PBXShellScriptBuildPhase section */

/* Begin PBXSourcesBuildPhase section */
		3D74B12C287E40F500F835DC /* Sources */ = {
			isa = PBXSourcesBuildPhase;
			buildActionMask = 2147483647;
			files = (
				3D74B136287E40F500F835DC /* ContentView.swift in Sources */,
				3D390D60287FA6430075150A /* NearMeMapView.swift in Sources */,
				3D67FD0E28877346001A856D /* MKCoordinateRegion+Extensions.swift in Sources */,
				3D390D6B287FB5B50075150A /* LandmarkAnnotation.swift in Sources */,
				3D6FE6DA2888BA2800EFF277 /* LocationPreviewView.swift in Sources */,
				3D390D5E287F93D90075150A /* GoogleMapsView.swift in Sources */,
				3D390D5B287F7F840075150A /* MapView.swift in Sources */,
				3D67FD172887864F001A856D /* RecenterButton.swift in Sources */,
				3D49919E288B57E500E9A0E6 /* Location+Extensions.swift in Sources */,
				3D67FD102887783C001A856D /* LandmarkViewModel.swift in Sources */,
				3D67FD1328877C43001A856D /* LandmarkListView.swift in Sources */,
				3D67FD1528877DB4001A856D /* LandmarkCategoryView.swift in Sources */,
				3D6FE6DC2888C67000EFF277 /* View+Extensions.swift in Sources */,
				3D67FD0728876640001A856D /* PlaceListView.swift in Sources */,
				3D390D66287FA8810075150A /* LocationManager.swift in Sources */,
				3D390D69287FB50B0075150A /* Landmark.swift in Sources */,
				3D67FD0B28877318001A856D /* PlaceListViewModel.swift in Sources */,
				3D74B15F287E424700F835DC /* ForEachTutorial.swift in Sources */,
				3D390D63287FA7750075150A /* NearMeMapCoordinator.swift in Sources */,
				3D74B134287E40F500F835DC /* NearMeApp.swift in Sources */,
			);
			runOnlyForDeploymentPostprocessing = 0;
		};
		3D74B13C287E40F600F835DC /* Sources */ = {
			isa = PBXSourcesBuildPhase;
			buildActionMask = 2147483647;
			files = (
				3D74B145287E40F600F835DC /* NearMeTests.swift in Sources */,
			);
			runOnlyForDeploymentPostprocessing = 0;
		};
		3D74B146287E40F600F835DC /* Sources */ = {
			isa = PBXSourcesBuildPhase;
			buildActionMask = 2147483647;
			files = (
				3D74B151287E40F600F835DC /* NearMeUITestsLaunchTests.swift in Sources */,
				3D74B14F287E40F600F835DC /* NearMeUITests.swift in Sources */,
			);
			runOnlyForDeploymentPostprocessing = 0;
		};
/* End PBXSourcesBuildPhase section */

/* Begin PBXTargetDependency section */
		3D74B142287E40F600F835DC /* PBXTargetDependency */ = {
			isa = PBXTargetDependency;
			target = 3D74B12F287E40F500F835DC /* NearMe */;
			targetProxy = 3D74B141287E40F600F835DC /* PBXContainerItemProxy */;
		};
		3D74B14C287E40F600F835DC /* PBXTargetDependency */ = {
			isa = PBXTargetDependency;
			target = 3D74B12F287E40F500F835DC /* NearMe */;
			targetProxy = 3D74B14B287E40F600F835DC /* PBXContainerItemProxy */;
		};
/* End PBXTargetDependency section */

/* Begin XCBuildConfiguration section */
		3D74B152287E40F600F835DC /* Debug */ = {
			isa = XCBuildConfiguration;
			buildSettings = {
				ALWAYS_SEARCH_USER_PATHS = NO;
				CLANG_ANALYZER_NONNULL = YES;
				CLANG_ANALYZER_NUMBER_OBJECT_CONVERSION = YES_AGGRESSIVE;
				CLANG_CXX_LANGUAGE_STANDARD = "gnu++17";
				CLANG_ENABLE_MODULES = YES;
				CLANG_ENABLE_OBJC_ARC = YES;
				CLANG_ENABLE_OBJC_WEAK = YES;
				CLANG_WARN_BLOCK_CAPTURE_AUTORELEASING = YES;
				CLANG_WARN_BOOL_CONVERSION = YES;
				CLANG_WARN_COMMA = YES;
				CLANG_WARN_CONSTANT_CONVERSION = YES;
				CLANG_WARN_DEPRECATED_OBJC_IMPLEMENTATIONS = YES;
				CLANG_WARN_DIRECT_OBJC_ISA_USAGE = YES_ERROR;
				CLANG_WARN_DOCUMENTATION_COMMENTS = YES;
				CLANG_WARN_EMPTY_BODY = YES;
				CLANG_WARN_ENUM_CONVERSION = YES;
				CLANG_WARN_INFINITE_RECURSION = YES;
				CLANG_WARN_INT_CONVERSION = YES;
				CLANG_WARN_NON_LITERAL_NULL_CONVERSION = YES;
				CLANG_WARN_OBJC_IMPLICIT_RETAIN_SELF = YES;
				CLANG_WARN_OBJC_LITERAL_CONVERSION = YES;
				CLANG_WARN_OBJC_ROOT_CLASS = YES_ERROR;
				CLANG_WARN_QUOTED_INCLUDE_IN_FRAMEWORK_HEADER = YES;
				CLANG_WARN_RANGE_LOOP_ANALYSIS = YES;
				CLANG_WARN_STRICT_PROTOTYPES = YES;
				CLANG_WARN_SUSPICIOUS_MOVE = YES;
				CLANG_WARN_UNGUARDED_AVAILABILITY = YES_AGGRESSIVE;
				CLANG_WARN_UNREACHABLE_CODE = YES;
				CLANG_WARN__DUPLICATE_METHOD_MATCH = YES;
				COPY_PHASE_STRIP = NO;
				DEBUG_INFORMATION_FORMAT = dwarf;
				ENABLE_STRICT_OBJC_MSGSEND = YES;
				ENABLE_TESTABILITY = YES;
				GCC_C_LANGUAGE_STANDARD = gnu11;
				GCC_DYNAMIC_NO_PIC = NO;
				GCC_NO_COMMON_BLOCKS = YES;
				GCC_OPTIMIZATION_LEVEL = 0;
				GCC_PREPROCESSOR_DEFINITIONS = (
					"DEBUG=1",
					"$(inherited)",
				);
				GCC_WARN_64_TO_32_BIT_CONVERSION = YES;
				GCC_WARN_ABOUT_RETURN_TYPE = YES_ERROR;
				GCC_WARN_UNDECLARED_SELECTOR = YES;
				GCC_WARN_UNINITIALIZED_AUTOS = YES_AGGRESSIVE;
				GCC_WARN_UNUSED_FUNCTION = YES;
				GCC_WARN_UNUSED_VARIABLE = YES;
				IPHONEOS_DEPLOYMENT_TARGET = 15.5;
				MTL_ENABLE_DEBUG_INFO = INCLUDE_SOURCE;
				MTL_FAST_MATH = YES;
				ONLY_ACTIVE_ARCH = YES;
				SDKROOT = iphoneos;
				SWIFT_ACTIVE_COMPILATION_CONDITIONS = DEBUG;
				SWIFT_OPTIMIZATION_LEVEL = "-Onone";
			};
			name = Debug;
		};
		3D74B153287E40F600F835DC /* Release */ = {
			isa = XCBuildConfiguration;
			buildSettings = {
				ALWAYS_SEARCH_USER_PATHS = NO;
				CLANG_ANALYZER_NONNULL = YES;
				CLANG_ANALYZER_NUMBER_OBJECT_CONVERSION = YES_AGGRESSIVE;
				CLANG_CXX_LANGUAGE_STANDARD = "gnu++17";
				CLANG_ENABLE_MODULES = YES;
				CLANG_ENABLE_OBJC_ARC = YES;
				CLANG_ENABLE_OBJC_WEAK = YES;
				CLANG_WARN_BLOCK_CAPTURE_AUTORELEASING = YES;
				CLANG_WARN_BOOL_CONVERSION = YES;
				CLANG_WARN_COMMA = YES;
				CLANG_WARN_CONSTANT_CONVERSION = YES;
				CLANG_WARN_DEPRECATED_OBJC_IMPLEMENTATIONS = YES;
				CLANG_WARN_DIRECT_OBJC_ISA_USAGE = YES_ERROR;
				CLANG_WARN_DOCUMENTATION_COMMENTS = YES;
				CLANG_WARN_EMPTY_BODY = YES;
				CLANG_WARN_ENUM_CONVERSION = YES;
				CLANG_WARN_INFINITE_RECURSION = YES;
				CLANG_WARN_INT_CONVERSION = YES;
				CLANG_WARN_NON_LITERAL_NULL_CONVERSION = YES;
				CLANG_WARN_OBJC_IMPLICIT_RETAIN_SELF = YES;
				CLANG_WARN_OBJC_LITERAL_CONVERSION = YES;
				CLANG_WARN_OBJC_ROOT_CLASS = YES_ERROR;
				CLANG_WARN_QUOTED_INCLUDE_IN_FRAMEWORK_HEADER = YES;
				CLANG_WARN_RANGE_LOOP_ANALYSIS = YES;
				CLANG_WARN_STRICT_PROTOTYPES = YES;
				CLANG_WARN_SUSPICIOUS_MOVE = YES;
				CLANG_WARN_UNGUARDED_AVAILABILITY = YES_AGGRESSIVE;
				CLANG_WARN_UNREACHABLE_CODE = YES;
				CLANG_WARN__DUPLICATE_METHOD_MATCH = YES;
				COPY_PHASE_STRIP = NO;
				DEBUG_INFORMATION_FORMAT = "dwarf-with-dsym";
				ENABLE_NS_ASSERTIONS = NO;
				ENABLE_STRICT_OBJC_MSGSEND = YES;
				GCC_C_LANGUAGE_STANDARD = gnu11;
				GCC_NO_COMMON_BLOCKS = YES;
				GCC_WARN_64_TO_32_BIT_CONVERSION = YES;
				GCC_WARN_ABOUT_RETURN_TYPE = YES_ERROR;
				GCC_WARN_UNDECLARED_SELECTOR = YES;
				GCC_WARN_UNINITIALIZED_AUTOS = YES_AGGRESSIVE;
				GCC_WARN_UNUSED_FUNCTION = YES;
				GCC_WARN_UNUSED_VARIABLE = YES;
				IPHONEOS_DEPLOYMENT_TARGET = 15.5;
				MTL_ENABLE_DEBUG_INFO = NO;
				MTL_FAST_MATH = YES;
				SDKROOT = iphoneos;
				SWIFT_COMPILATION_MODE = wholemodule;
				SWIFT_OPTIMIZATION_LEVEL = "-O";
				VALIDATE_PRODUCT = YES;
			};
			name = Release;
		};
		3D74B155287E40F600F835DC /* Debug */ = {
			isa = XCBuildConfiguration;
			baseConfigurationReference = C9C44A5F25FE83F4EDA36EC8 /* Pods-NearMe.debug.xcconfig */;
			buildSettings = {
				ASSETCATALOG_COMPILER_APPICON_NAME = AppIcon;
				ASSETCATALOG_COMPILER_GLOBAL_ACCENT_COLOR_NAME = AccentColor;
				CODE_SIGN_STYLE = Automatic;
				CURRENT_PROJECT_VERSION = 1;
				DEVELOPMENT_ASSET_PATHS = "\"NearMe/Preview Content\"";
				DEVELOPMENT_TEAM = 5PAN36949Z;
				ENABLE_PREVIEWS = YES;
				GENERATE_INFOPLIST_FILE = YES;
				INFOPLIST_FILE = NearMe/Info.plist;
				INFOPLIST_KEY_NSLocationAlwaysAndWhenInUseUsageDescription = "This app needs your location to show it on the map.";
				INFOPLIST_KEY_NSLocationWhenInUseUsageDescription = "This app needs your location to show it on the map.";
				INFOPLIST_KEY_UIApplicationSceneManifest_Generation = YES;
				INFOPLIST_KEY_UIApplicationSupportsIndirectInputEvents = YES;
				INFOPLIST_KEY_UILaunchScreen_Generation = YES;
				INFOPLIST_KEY_UISupportedInterfaceOrientations_iPad = "UIInterfaceOrientationPortrait UIInterfaceOrientationPortraitUpsideDown UIInterfaceOrientationLandscapeLeft UIInterfaceOrientationLandscapeRight";
				INFOPLIST_KEY_UISupportedInterfaceOrientations_iPhone = "UIInterfaceOrientationPortrait UIInterfaceOrientationLandscapeLeft UIInterfaceOrientationLandscapeRight";
				LD_RUNPATH_SEARCH_PATHS = (
					"$(inherited)",
					"@executable_path/Frameworks",
				);
				MARKETING_VERSION = 1.0;
				PRODUCT_BUNDLE_IDENTIFIER = com.nicobaianz.example.NearMe;
				PRODUCT_NAME = "$(TARGET_NAME)";
				SWIFT_EMIT_LOC_STRINGS = YES;
				SWIFT_VERSION = 5.0;
				TARGETED_DEVICE_FAMILY = "1,2";
			};
			name = Debug;
		};
		3D74B156287E40F600F835DC /* Release */ = {
			isa = XCBuildConfiguration;
			baseConfigurationReference = 2510943C59D1650C3931DBFC /* Pods-NearMe.release.xcconfig */;
			buildSettings = {
				ASSETCATALOG_COMPILER_APPICON_NAME = AppIcon;
				ASSETCATALOG_COMPILER_GLOBAL_ACCENT_COLOR_NAME = AccentColor;
				CODE_SIGN_STYLE = Automatic;
				CURRENT_PROJECT_VERSION = 1;
				DEVELOPMENT_ASSET_PATHS = "\"NearMe/Preview Content\"";
				DEVELOPMENT_TEAM = 5PAN36949Z;
				ENABLE_PREVIEWS = YES;
				GENERATE_INFOPLIST_FILE = YES;
				INFOPLIST_FILE = NearMe/Info.plist;
				INFOPLIST_KEY_NSLocationAlwaysAndWhenInUseUsageDescription = "This app needs your location to show it on the map.";
				INFOPLIST_KEY_NSLocationWhenInUseUsageDescription = "This app needs your location to show it on the map.";
				INFOPLIST_KEY_UIApplicationSceneManifest_Generation = YES;
				INFOPLIST_KEY_UIApplicationSupportsIndirectInputEvents = YES;
				INFOPLIST_KEY_UILaunchScreen_Generation = YES;
				INFOPLIST_KEY_UISupportedInterfaceOrientations_iPad = "UIInterfaceOrientationPortrait UIInterfaceOrientationPortraitUpsideDown UIInterfaceOrientationLandscapeLeft UIInterfaceOrientationLandscapeRight";
				INFOPLIST_KEY_UISupportedInterfaceOrientations_iPhone = "UIInterfaceOrientationPortrait UIInterfaceOrientationLandscapeLeft UIInterfaceOrientationLandscapeRight";
				LD_RUNPATH_SEARCH_PATHS = (
					"$(inherited)",
					"@executable_path/Frameworks",
				);
				MARKETING_VERSION = 1.0;
				PRODUCT_BUNDLE_IDENTIFIER = com.nicobaianz.example.NearMe;
				PRODUCT_NAME = "$(TARGET_NAME)";
				SWIFT_EMIT_LOC_STRINGS = YES;
				SWIFT_VERSION = 5.0;
				TARGETED_DEVICE_FAMILY = "1,2";
			};
			name = Release;
		};
		3D74B158287E40F600F835DC /* Debug */ = {
			isa = XCBuildConfiguration;
			baseConfigurationReference = FC8898ACD79F022BC25DC3C7 /* Pods-NearMeTests.debug.xcconfig */;
			buildSettings = {
				ALWAYS_EMBED_SWIFT_STANDARD_LIBRARIES = YES;
				BUNDLE_LOADER = "$(TEST_HOST)";
				CODE_SIGN_STYLE = Automatic;
				CURRENT_PROJECT_VERSION = 1;
				DEVELOPMENT_TEAM = 5PAN36949Z;
				GENERATE_INFOPLIST_FILE = YES;
				IPHONEOS_DEPLOYMENT_TARGET = 15.5;
				MARKETING_VERSION = 1.0;
				PRODUCT_BUNDLE_IDENTIFIER = com.nicobaianz.example.NearMeTests;
				PRODUCT_NAME = "$(TARGET_NAME)";
				SWIFT_EMIT_LOC_STRINGS = NO;
				SWIFT_VERSION = 5.0;
				TARGETED_DEVICE_FAMILY = "1,2";
				TEST_HOST = "$(BUILT_PRODUCTS_DIR)/NearMe.app/NearMe";
			};
			name = Debug;
		};
		3D74B159287E40F600F835DC /* Release */ = {
			isa = XCBuildConfiguration;
			baseConfigurationReference = 813591DFB876609CE708D6CA /* Pods-NearMeTests.release.xcconfig */;
			buildSettings = {
				ALWAYS_EMBED_SWIFT_STANDARD_LIBRARIES = YES;
				BUNDLE_LOADER = "$(TEST_HOST)";
				CODE_SIGN_STYLE = Automatic;
				CURRENT_PROJECT_VERSION = 1;
				DEVELOPMENT_TEAM = 5PAN36949Z;
				GENERATE_INFOPLIST_FILE = YES;
				IPHONEOS_DEPLOYMENT_TARGET = 15.5;
				MARKETING_VERSION = 1.0;
				PRODUCT_BUNDLE_IDENTIFIER = com.nicobaianz.example.NearMeTests;
				PRODUCT_NAME = "$(TARGET_NAME)";
				SWIFT_EMIT_LOC_STRINGS = NO;
				SWIFT_VERSION = 5.0;
				TARGETED_DEVICE_FAMILY = "1,2";
				TEST_HOST = "$(BUILT_PRODUCTS_DIR)/NearMe.app/NearMe";
			};
			name = Release;
		};
		3D74B15B287E40F600F835DC /* Debug */ = {
			isa = XCBuildConfiguration;
			baseConfigurationReference = 78442CB9702A57C483883AAC /* Pods-NearMe-NearMeUITests.debug.xcconfig */;
			buildSettings = {
				ALWAYS_EMBED_SWIFT_STANDARD_LIBRARIES = YES;
				CODE_SIGN_STYLE = Automatic;
				CURRENT_PROJECT_VERSION = 1;
				DEVELOPMENT_TEAM = 5PAN36949Z;
				GENERATE_INFOPLIST_FILE = YES;
				MARKETING_VERSION = 1.0;
				PRODUCT_BUNDLE_IDENTIFIER = com.nicobaianz.example.NearMeUITests;
				PRODUCT_NAME = "$(TARGET_NAME)";
				SWIFT_EMIT_LOC_STRINGS = NO;
				SWIFT_VERSION = 5.0;
				TARGETED_DEVICE_FAMILY = "1,2";
				TEST_TARGET_NAME = NearMe;
			};
			name = Debug;
		};
		3D74B15C287E40F600F835DC /* Release */ = {
			isa = XCBuildConfiguration;
			baseConfigurationReference = F47DC02EC778C3C8D515174E /* Pods-NearMe-NearMeUITests.release.xcconfig */;
			buildSettings = {
				ALWAYS_EMBED_SWIFT_STANDARD_LIBRARIES = YES;
				CODE_SIGN_STYLE = Automatic;
				CURRENT_PROJECT_VERSION = 1;
				DEVELOPMENT_TEAM = 5PAN36949Z;
				GENERATE_INFOPLIST_FILE = YES;
				MARKETING_VERSION = 1.0;
				PRODUCT_BUNDLE_IDENTIFIER = com.nicobaianz.example.NearMeUITests;
				PRODUCT_NAME = "$(TARGET_NAME)";
				SWIFT_EMIT_LOC_STRINGS = NO;
				SWIFT_VERSION = 5.0;
				TARGETED_DEVICE_FAMILY = "1,2";
				TEST_TARGET_NAME = NearMe;
			};
			name = Release;
		};
/* End XCBuildConfiguration section */

/* Begin XCConfigurationList section */
		3D74B12B287E40F500F835DC /* Build configuration list for PBXProject "NearMe" */ = {
			isa = XCConfigurationList;
			buildConfigurations = (
				3D74B152287E40F600F835DC /* Debug */,
				3D74B153287E40F600F835DC /* Release */,
			);
			defaultConfigurationIsVisible = 0;
			defaultConfigurationName = Release;
		};
		3D74B154287E40F600F835DC /* Build configuration list for PBXNativeTarget "NearMe" */ = {
			isa = XCConfigurationList;
			buildConfigurations = (
				3D74B155287E40F600F835DC /* Debug */,
				3D74B156287E40F600F835DC /* Release */,
			);
			defaultConfigurationIsVisible = 0;
			defaultConfigurationName = Release;
		};
		3D74B157287E40F600F835DC /* Build configuration list for PBXNativeTarget "NearMeTests" */ = {
			isa = XCConfigurationList;
			buildConfigurations = (
				3D74B158287E40F600F835DC /* Debug */,
				3D74B159287E40F600F835DC /* Release */,
			);
			defaultConfigurationIsVisible = 0;
			defaultConfigurationName = Release;
		};
		3D74B15A287E40F600F835DC /* Build configuration list for PBXNativeTarget "NearMeUITests" */ = {
			isa = XCConfigurationList;
			buildConfigurations = (
				3D74B15B287E40F600F835DC /* Debug */,
				3D74B15C287E40F600F835DC /* Release */,
			);
			defaultConfigurationIsVisible = 0;
			defaultConfigurationName = Release;
		};
/* End XCConfigurationList section */
	};
	rootObject = 3D74B128287E40F500F835DC /* Project object */;
}
